
Microsoft Visual Studio Solution File, Format Version 12.00
# Visual Studio Version 17
VisualStudioVersion = 17.6.33723.286
MinimumVisualStudioVersion = 10.0.40219.1
Project("{FAE04EC0-301F-11D3-BF4B-00C04F79EFBC}") = "WebApplication11", "WebApplication11.csproj", "{68C023E0-3F9D-4C55-B476-FCB108D2D96D}"
EndProject
Global
	GlobalSection(SolutionConfigurationPlatforms) = preSolution
		Debug|Any CPU = Debug|Any CPU
		Release|Any CPU = Release|Any CPU
	EndGlobalSection
	GlobalSection(ProjectConfigurationPlatforms) = postSolution
		{68C023E0-3F9D-4C55-B476-FCB108D2D96D}.Debug|Any CPU.ActiveCfg = Debug|Any CPU
		{68C023E0-3F9D-4C55-B476-FCB108D2D96D}.Debug|Any CPU.Build.0 = Debug|Any CPU
		{68C023E0-3F9D-4C55-B476-FCB108D2D96D}.Release|Any CPU.ActiveCfg = Release|Any CPU
		{68C023E0-3F9D-4C55-B476-FCB108D2D96D}.Release|Any CPU.Build.0 = Release|Any CPU
	EndGlobalSection
	GlobalSection(SolutionProperties) = preSolution
		HideSolutionNode = FALSE
	EndGlobalSection
	GlobalSection(ExtensibilityGlobals) = postSolution
		SolutionGuid = {94A0190B-ED8C-448A-9697-6ECFD0D0D611}
	EndGlobalSection
EndGlobal
